
Microsoft Visual Studio Solution File, Format Version 12.00
# Visual Studio Version 17
VisualStudioVersion = 17.1.32328.378
MinimumVisualStudioVersion = 10.0.40219.1
Project("{FAE04EC0-301F-11D3-BF4B-00C04F79EFBC}") = "FileIO_Assignment", "FileIO_Assignment\FileIO_Assignment.csproj", "{DC910468-3793-4F83-B868-8740BA397F3A}"
EndProject
Global
	GlobalSection(SolutionConfigurationPlatforms) = preSolution
		Debug|Any CPU = Debug|Any CPU
		Release|Any CPU = Release|Any CPU
	EndGlobalSection
	GlobalSection(ProjectConfigurationPlatforms) = postSolution
		{DC910468-3793-4F83-B868-8740BA397F3A}.Debug|Any CPU.ActiveCfg = Debug|Any CPU
		{DC910468-3793-4F83-B868-8740BA397F3A}.Debug|Any CPU.Build.0 = Debug|Any CPU
		{DC910468-3793-4F83-B868-8740BA397F3A}.Release|Any CPU.ActiveCfg = Release|Any CPU
		{DC910468-3793-4F83-B868-8740BA397F3A}.Release|Any CPU.Build.0 = Release|Any CPU
	EndGlobalSection
	GlobalSection(SolutionProperties) = preSolution
		HideSolutionNode = FALSE
	EndGlobalSection
	GlobalSection(ExtensibilityGlobals) = postSolution
		SolutionGuid = {E3DB9C27-A32B-48D2-A53E-FDBFA12A46A1}
	EndGlobalSection
EndGlobal
