
Microsoft Visual Studio Solution File, Format Version 12.00
# Visual Studio Version 17
VisualStudioVersion = 17.1.32328.378
MinimumVisualStudioVersion = 10.0.40219.1
Project("{FAE04EC0-301F-11D3-BF4B-00C04F79EFBC}") = "UserMangementCoreMvc", "UserMangementCoreMvc.csproj", "{386A4AC3-A229-441B-9B25-3291AF7A0985}"
EndProject
Global
	GlobalSection(SolutionConfigurationPlatforms) = preSolution
		Debug|Any CPU = Debug|Any CPU
		Release|Any CPU = Release|Any CPU
	EndGlobalSection
	GlobalSection(ProjectConfigurationPlatforms) = postSolution
		{386A4AC3-A229-441B-9B25-3291AF7A0985}.Debug|Any CPU.ActiveCfg = Debug|Any CPU
		{386A4AC3-A229-441B-9B25-3291AF7A0985}.Debug|Any CPU.Build.0 = Debug|Any CPU
		{386A4AC3-A229-441B-9B25-3291AF7A0985}.Release|Any CPU.ActiveCfg = Release|Any CPU
		{386A4AC3-A229-441B-9B25-3291AF7A0985}.Release|Any CPU.Build.0 = Release|Any CPU
	EndGlobalSection
	GlobalSection(SolutionProperties) = preSolution
		HideSolutionNode = FALSE
	EndGlobalSection
	GlobalSection(ExtensibilityGlobals) = postSolution
		SolutionGuid = {DF4A0BDC-465A-4D81-8374-BAA0791B6208}
	EndGlobalSection
EndGlobal
