
Microsoft Visual Studio Solution File, Format Version 12.00
# Visual Studio Version 17
VisualStudioVersion = 17.1.32328.378
MinimumVisualStudioVersion = 10.0.40219.1
Project("{9A19103F-16F7-4668-BE54-9A1E7A4F7556}") = "LibraryManagementServices", "LibraryManagementServices.csproj", "{7E0C806D-E9CC-471A-AC68-8750B0F18655}"
EndProject
Project("{FAE04EC0-301F-11D3-BF4B-00C04F79EFBC}") = "LibraryMangementUi", "..\LibraryMangementUi\LibraryMangementUi.csproj", "{FB124B19-A9DF-4322-9815-0474FEA57B7C}"
EndProject
Global
	GlobalSection(SolutionConfigurationPlatforms) = preSolution
		Debug|Any CPU = Debug|Any CPU
		Release|Any CPU = Release|Any CPU
	EndGlobalSection
	GlobalSection(ProjectConfigurationPlatforms) = postSolution
		{7E0C806D-E9CC-471A-AC68-8750B0F18655}.Debug|Any CPU.ActiveCfg = Debug|Any CPU
		{7E0C806D-E9CC-471A-AC68-8750B0F18655}.Debug|Any CPU.Build.0 = Debug|Any CPU
		{7E0C806D-E9CC-471A-AC68-8750B0F18655}.Release|Any CPU.ActiveCfg = Release|Any CPU
		{7E0C806D-E9CC-471A-AC68-8750B0F18655}.Release|Any CPU.Build.0 = Release|Any CPU
		{FB124B19-A9DF-4322-9815-0474FEA57B7C}.Debug|Any CPU.ActiveCfg = Debug|Any CPU
		{FB124B19-A9DF-4322-9815-0474FEA57B7C}.Debug|Any CPU.Build.0 = Debug|Any CPU
		{FB124B19-A9DF-4322-9815-0474FEA57B7C}.Release|Any CPU.ActiveCfg = Release|Any CPU
		{FB124B19-A9DF-4322-9815-0474FEA57B7C}.Release|Any CPU.Build.0 = Release|Any CPU
	EndGlobalSection
	GlobalSection(SolutionProperties) = preSolution
		HideSolutionNode = FALSE
	EndGlobalSection
	GlobalSection(ExtensibilityGlobals) = postSolution
		SolutionGuid = {3751F1E0-C03A-4C69-B74E-959FE73CF6ED}
	EndGlobalSection
EndGlobal
